
Microsoft Visual Studio Solution File, Format Version 12.00
# Visual Studio 15
VisualStudioVersion = 15.0.28307.421
MinimumVisualStudioVersion = 10.0.40219.1
Project("{FAE04EC0-301F-11D3-BF4B-00C04F79EFBC}") = "App3.Android", "App3\App3.Android\App3.Android.csproj", "{EBE89151-325F-4B8D-A3CD-044CE4690D7F}"
EndProject
Project("{FAE04EC0-301F-11D3-BF4B-00C04F79EFBC}") = "App3.iOS", "App3\App3.iOS\App3.iOS.csproj", "{EB75CE71-9C36-4E49-BED7-FD2216369B51}"
EndProject
Project("{FAE04EC0-301F-11D3-BF4B-00C04F79EFBC}") = "App3.UWP", "App3\App3.UWP\App3.UWP.csproj", "{47781820-F76D-4D63-92B6-5A27EBC6EABF}"
EndProject
Project("{FAE04EC0-301F-11D3-BF4B-00C04F79EFBC}") = "App3", "App3\App3\App3.csproj", "{1ACC1991-FC99-43C9-87AD-61AECDE0F741}"
EndProject
Global
	GlobalSection(SolutionConfigurationPlatforms) = preSolution
		Ad-Hoc|Any CPU = Ad-Hoc|Any CPU
		Ad-Hoc|ARM = Ad-Hoc|ARM
		Ad-Hoc|iPhone = Ad-Hoc|iPhone
		Ad-Hoc|iPhoneSimulator = Ad-Hoc|iPhoneSimulator
		Ad-Hoc|x64 = Ad-Hoc|x64
		Ad-Hoc|x86 = Ad-Hoc|x86
		AppStore|Any CPU = AppStore|Any CPU
		AppStore|ARM = AppStore|ARM
		AppStore|iPhone = AppStore|iPhone
		AppStore|iPhoneSimulator = AppStore|iPhoneSimulator
		AppStore|x64 = AppStore|x64
		AppStore|x86 = AppStore|x86
		Debug|Any CPU = Debug|Any CPU
		Debug|ARM = Debug|ARM
		Debug|iPhone = Debug|iPhone
		Debug|iPhoneSimulator = Debug|iPhoneSimulator
		Debug|x64 = Debug|x64
		Debug|x86 = Debug|x86
		Release|Any CPU = Release|Any CPU
		Release|ARM = Release|ARM
		Release|iPhone = Release|iPhone
		Release|iPhoneSimulator = Release|iPhoneSimulator
		Release|x64 = Release|x64
		Release|x86 = Release|x86
	EndGlobalSection
	GlobalSection(ProjectConfigurationPlatforms) = postSolution
		{EBE89151-325F-4B8D-A3CD-044CE4690D7F}.Ad-Hoc|Any CPU.ActiveCfg = Release|Any CPU
		{EBE89151-325F-4B8D-A3CD-044CE4690D7F}.Ad-Hoc|Any CPU.Build.0 = Release|Any CPU
		{EBE89151-325F-4B8D-A3CD-044CE4690D7F}.Ad-Hoc|Any CPU.Deploy.0 = Release|Any CPU
		{EBE89151-325F-4B8D-A3CD-044CE4690D7F}.Ad-Hoc|ARM.ActiveCfg = Release|Any CPU
		{EBE89151-325F-4B8D-A3CD-044CE4690D7F}.Ad-Hoc|ARM.Build.0 = Release|Any CPU
		{EBE89151-325F-4B8D-A3CD-044CE4690D7F}.Ad-Hoc|ARM.Deploy.0 = Release|Any CPU
		{EBE89151-325F-4B8D-A3CD-044CE4690D7F}.Ad-Hoc|iPhone.ActiveCfg = Release|Any CPU
		{EBE89151-325F-4B8D-A3CD-044CE4690D7F}.Ad-Hoc|iPhone.Build.0 = Release|Any CPU
		{EBE89151-325F-4B8D-A3CD-044CE4690D7F}.Ad-Hoc|iPhone.Deploy.0 = Release|Any CPU
		{EBE89151-325F-4B8D-A3CD-044CE4690D7F}.Ad-Hoc|iPhoneSimulator.ActiveCfg = Release|Any CPU
		{EBE89151-325F-4B8D-A3CD-044CE4690D7F}.Ad-Hoc|iPhoneSimulator.Build.0 = Release|Any CPU
		{EBE89151-325F-4B8D-A3CD-044CE4690D7F}.Ad-Hoc|iPhoneSimulator.Deploy.0 = Release|Any CPU
		{EBE89151-325F-4B8D-A3CD-044CE4690D7F}.Ad-Hoc|x64.ActiveCfg = Release|Any CPU
		{EBE89151-325F-4B8D-A3CD-044CE4690D7F}.Ad-Hoc|x64.Build.0 = Release|Any CPU
		{EBE89151-325F-4B8D-A3CD-044CE4690D7F}.Ad-Hoc|x64.Deploy.0 = Release|Any CPU
		{EBE89151-325F-4B8D-A3CD-044CE4690D7F}.Ad-Hoc|x86.ActiveCfg = Release|Any CPU
		{EBE89151-325F-4B8D-A3CD-044CE4690D7F}.Ad-Hoc|x86.Build.0 = Release|Any CPU
		{EBE89151-325F-4B8D-A3CD-044CE4690D7F}.Ad-Hoc|x86.Deploy.0 = Release|Any CPU
		{EBE89151-325F-4B8D-A3CD-044CE4690D7F}.AppStore|Any CPU.ActiveCfg = Release|Any CPU
		{EBE89151-325F-4B8D-A3CD-044CE4690D7F}.AppStore|Any CPU.Build.0 = Release|Any CPU
		{EBE89151-325F-4B8D-A3CD-044CE4690D7F}.AppStore|Any CPU.Deploy.0 = Release|Any CPU
		{EBE89151-325F-4B8D-A3CD-044CE4690D7F}.AppStore|ARM.ActiveCfg = Release|Any CPU
		{EBE89151-325F-4B8D-A3CD-044CE4690D7F}.AppStore|ARM.Build.0 = Release|Any CPU
		{EBE89151-325F-4B8D-A3CD-044CE4690D7F}.AppStore|ARM.Deploy.0 = Release|Any CPU
		{EBE89151-325F-4B8D-A3CD-044CE4690D7F}.AppStore|iPhone.ActiveCfg = Release|Any CPU
		{EBE89151-325F-4B8D-A3CD-044CE4690D7F}.AppStore|iPhone.Build.0 = Release|Any CPU
		{EBE89151-325F-4B8D-A3CD-044CE4690D7F}.AppStore|iPhone.Deploy.0 = Release|Any CPU
		{EBE89151-325F-4B8D-A3CD-044CE4690D7F}.AppStore|iPhoneSimulator.ActiveCfg = Release|Any CPU
		{EBE89151-325F-4B8D-A3CD-044CE4690D7F}.AppStore|iPhoneSimulator.Build.0 = Release|Any CPU
		{EBE89151-325F-4B8D-A3CD-044CE4690D7F}.AppStore|iPhoneSimulator.Deploy.0 = Release|Any CPU
		{EBE89151-325F-4B8D-A3CD-044CE4690D7F}.AppStore|x64.ActiveCfg = Release|Any CPU
		{EBE89151-325F-4B8D-A3CD-044CE4690D7F}.AppStore|x64.Build.0 = Release|Any CPU
		{EBE89151-325F-4B8D-A3CD-044CE4690D7F}.AppStore|x64.Deploy.0 = Release|Any CPU
		{EBE89151-325F-4B8D-A3CD-044CE4690D7F}.AppStore|x86.ActiveCfg = Release|Any CPU
		{EBE89151-325F-4B8D-A3CD-044CE4690D7F}.AppStore|x86.Build.0 = Release|Any CPU
		{EBE89151-325F-4B8D-A3CD-044CE4690D7F}.AppStore|x86.Deploy.0 = Release|Any CPU
		{EBE89151-325F-4B8D-A3CD-044CE4690D7F}.Debug|Any CPU.ActiveCfg = Debug|Any CPU
		{EBE89151-325F-4B8D-A3CD-044CE4690D7F}.Debug|Any CPU.Build.0 = Debug|Any CPU
		{EBE89151-325F-4B8D-A3CD-044CE4690D7F}.Debug|Any CPU.Deploy.0 = Debug|Any CPU
		{EBE89151-325F-4B8D-A3CD-044CE4690D7F}.Debug|ARM.ActiveCfg = Debug|Any CPU
		{EBE89151-325F-4B8D-A3CD-044CE4690D7F}.Debug|ARM.Build.0 = Debug|Any CPU
		{EBE89151-325F-4B8D-A3CD-044CE4690D7F}.Debug|ARM.Deploy.0 = Debug|Any CPU
		{EBE89151-325F-4B8D-A3CD-044CE4690D7F}.Debug|iPhone.ActiveCfg = Debug|Any CPU
		{EBE89151-325F-4B8D-A3CD-044CE4690D7F}.Debug|iPhone.Build.0 = Debug|Any CPU
		{EBE89151-325F-4B8D-A3CD-044CE4690D7F}.Debug|iPhone.Deploy.0 = Debug|Any CPU
		{EBE89151-325F-4B8D-A3CD-044CE4690D7F}.Debug|iPhoneSimulator.ActiveCfg = Debug|Any CPU
		{EBE89151-325F-4B8D-A3CD-044CE4690D7F}.Debug|iPhoneSimulator.Build.0 = Debug|Any CPU
		{EBE89151-325F-4B8D-A3CD-044CE4690D7F}.Debug|iPhoneSimulator.Deploy.0 = Debug|Any CPU
		{EBE89151-325F-4B8D-A3CD-044CE4690D7F}.Debug|x64.ActiveCfg = Debug|Any CPU
		{EBE89151-325F-4B8D-A3CD-044CE4690D7F}.Debug|x64.Build.0 = Debug|Any CPU
		{EBE89151-325F-4B8D-A3CD-044CE4690D7F}.Debug|x64.Deploy.0 = Debug|Any CPU
		{EBE89151-325F-4B8D-A3CD-044CE4690D7F}.Debug|x86.ActiveCfg = Debug|Any CPU
		{EBE89151-325F-4B8D-A3CD-044CE4690D7F}.Debug|x86.Build.0 = Debug|Any CPU
		{EBE89151-325F-4B8D-A3CD-044CE4690D7F}.Debug|x86.Deploy.0 = Debug|Any CPU
		{EBE89151-325F-4B8D-A3CD-044CE4690D7F}.Release|Any CPU.ActiveCfg = Release|Any CPU
		{EBE89151-325F-4B8D-A3CD-044CE4690D7F}.Release|Any CPU.Build.0 = Release|Any CPU
		{EBE89151-325F-4B8D-A3CD-044CE4690D7F}.Release|Any CPU.Deploy.0 = Release|Any CPU
		{EBE89151-325F-4B8D-A3CD-044CE4690D7F}.Release|ARM.ActiveCfg = Release|Any CPU
		{EBE89151-325F-4B8D-A3CD-044CE4690D7F}.Release|ARM.Build.0 = Release|Any CPU
		{EBE89151-325F-4B8D-A3CD-044CE4690D7F}.Release|ARM.Deploy.0 = Release|Any CPU
		{EBE89151-325F-4B8D-A3CD-044CE4690D7F}.Release|iPhone.ActiveCfg = Release|Any CPU
		{EBE89151-325F-4B8D-A3CD-044CE4690D7F}.Release|iPhone.Build.0 = Release|Any CPU
		{EBE89151-325F-4B8D-A3CD-044CE4690D7F}.Release|iPhone.Deploy.0 = Release|Any CPU
		{EBE89151-325F-4B8D-A3CD-044CE4690D7F}.Release|iPhoneSimulator.ActiveCfg = Release|Any CPU
		{EBE89151-325F-4B8D-A3CD-044CE4690D7F}.Release|iPhoneSimulator.Build.0 = Release|Any CPU
		{EBE89151-325F-4B8D-A3CD-044CE4690D7F}.Release|iPhoneSimulator.Deploy.0 = Release|Any CPU
		{EBE89151-325F-4B8D-A3CD-044CE4690D7F}.Release|x64.ActiveCfg = Release|Any CPU
		{EBE89151-325F-4B8D-A3CD-044CE4690D7F}.Release|x64.Build.0 = Release|Any CPU
		{EBE89151-325F-4B8D-A3CD-044CE4690D7F}.Release|x64.Deploy.0 = Release|Any CPU
		{EBE89151-325F-4B8D-A3CD-044CE4690D7F}.Release|x86.ActiveCfg = Release|Any CPU
		{EBE89151-325F-4B8D-A3CD-044CE4690D7F}.Release|x86.Build.0 = Release|Any CPU
		{EBE89151-325F-4B8D-A3CD-044CE4690D7F}.Release|x86.Deploy.0 = Release|Any CPU
		{EB75CE71-9C36-4E49-BED7-FD2216369B51}.Ad-Hoc|Any CPU.ActiveCfg = Ad-Hoc|iPhone
		{EB75CE71-9C36-4E49-BED7-FD2216369B51}.Ad-Hoc|Any CPU.Build.0 = Ad-Hoc|iPhone
		{EB75CE71-9C36-4E49-BED7-FD2216369B51}.Ad-Hoc|Any CPU.Deploy.0 = Ad-Hoc|iPhone
		{EB75CE71-9C36-4E49-BED7-FD2216369B51}.Ad-Hoc|ARM.ActiveCfg = Ad-Hoc|iPhone
		{EB75CE71-9C36-4E49-BED7-FD2216369B51}.Ad-Hoc|ARM.Build.0 = Ad-Hoc|iPhone
		{EB75CE71-9C36-4E49-BED7-FD2216369B51}.Ad-Hoc|ARM.Deploy.0 = Ad-Hoc|iPhone
		{EB75CE71-9C36-4E49-BED7-FD2216369B51}.Ad-Hoc|iPhone.ActiveCfg = Ad-Hoc|iPhone
		{EB75CE71-9C36-4E49-BED7-FD2216369B51}.Ad-Hoc|iPhone.Build.0 = Ad-Hoc|iPhone
		{EB75CE71-9C36-4E49-BED7-FD2216369B51}.Ad-Hoc|iPhone.Deploy.0 = Ad-Hoc|iPhone
		{EB75CE71-9C36-4E49-BED7-FD2216369B51}.Ad-Hoc|iPhoneSimulator.ActiveCfg = Ad-Hoc|iPhoneSimulator
		{EB75CE71-9C36-4E49-BED7-FD2216369B51}.Ad-Hoc|iPhoneSimulator.Build.0 = Ad-Hoc|iPhoneSimulator
		{EB75CE71-9C36-4E49-BED7-FD2216369B51}.Ad-Hoc|iPhoneSimulator.Deploy.0 = Ad-Hoc|iPhoneSimulator
		{EB75CE71-9C36-4E49-BED7-FD2216369B51}.Ad-Hoc|x64.ActiveCfg = Ad-Hoc|iPhone
		{EB75CE71-9C36-4E49-BED7-FD2216369B51}.Ad-Hoc|x64.Build.0 = Ad-Hoc|iPhone
		{EB75CE71-9C36-4E49-BED7-FD2216369B51}.Ad-Hoc|x64.Deploy.0 = Ad-Hoc|iPhone
		{EB75CE71-9C36-4E49-BED7-FD2216369B51}.Ad-Hoc|x86.ActiveCfg = Ad-Hoc|iPhone
		{EB75CE71-9C36-4E49-BED7-FD2216369B51}.Ad-Hoc|x86.Build.0 = Ad-Hoc|iPhone
		{EB75CE71-9C36-4E49-BED7-FD2216369B51}.Ad-Hoc|x86.Deploy.0 = Ad-Hoc|iPhone
		{EB75CE71-9C36-4E49-BED7-FD2216369B51}.AppStore|Any CPU.ActiveCfg = AppStore|iPhone
		{EB75CE71-9C36-4E49-BED7-FD2216369B51}.AppStore|Any CPU.Build.0 = AppStore|iPhone
		{EB75CE71-9C36-4E49-BED7-FD2216369B51}.AppStore|Any CPU.Deploy.0 = AppStore|iPhone
		{EB75CE71-9C36-4E49-BED7-FD2216369B51}.AppStore|ARM.ActiveCfg = AppStore|iPhone
		{EB75CE71-9C36-4E49-BED7-FD2216369B51}.AppStore|ARM.Build.0 = AppStore|iPhone
		{EB75CE71-9C36-4E49-BED7-FD2216369B51}.AppStore|ARM.Deploy.0 = AppStore|iPhone
		{EB75CE71-9C36-4E49-BED7-FD2216369B51}.AppStore|iPhone.ActiveCfg = AppStore|iPhone
		{EB75CE71-9C36-4E49-BED7-FD2216369B51}.AppStore|iPhone.Build.0 = AppStore|iPhone
		{EB75CE71-9C36-4E49-BED7-FD2216369B51}.AppStore|iPhone.Deploy.0 = AppStore|iPhone
		{EB75CE71-9C36-4E49-BED7-FD2216369B51}.AppStore|iPhoneSimulator.ActiveCfg = AppStore|iPhoneSimulator
		{EB75CE71-9C36-4E49-BED7-FD2216369B51}.AppStore|iPhoneSimulator.Build.0 = AppStore|iPhoneSimulator
		{EB75CE71-9C36-4E49-BED7-FD2216369B51}.AppStore|iPhoneSimulator.Deploy.0 = AppStore|iPhoneSimulator
		{EB75CE71-9C36-4E49-BED7-FD2216369B51}.AppStore|x64.ActiveCfg = AppStore|iPhone
		{EB75CE71-9C36-4E49-BED7-FD2216369B51}.AppStore|x64.Build.0 = AppStore|iPhone
		{EB75CE71-9C36-4E49-BED7-FD2216369B51}.AppStore|x64.Deploy.0 = AppStore|iPhone
		{EB75CE71-9C36-4E49-BED7-FD2216369B51}.AppStore|x86.ActiveCfg = AppStore|iPhone
		{EB75CE71-9C36-4E49-BED7-FD2216369B51}.AppStore|x86.Build.0 = AppStore|iPhone
		{EB75CE71-9C36-4E49-BED7-FD2216369B51}.AppStore|x86.Deploy.0 = AppStore|iPhone
		{EB75CE71-9C36-4E49-BED7-FD2216369B51}.Debug|Any CPU.ActiveCfg = Debug|iPhoneSimulator
		{EB75CE71-9C36-4E49-BED7-FD2216369B51}.Debug|Any CPU.Build.0 = Debug|iPhoneSimulator
		{EB75CE71-9C36-4E49-BED7-FD2216369B51}.Debug|Any CPU.Deploy.0 = Debug|iPhoneSimulator
		{EB75CE71-9C36-4E49-BED7-FD2216369B51}.Debug|ARM.ActiveCfg = Debug|iPhone
		{EB75CE71-9C36-4E49-BED7-FD2216369B51}.Debug|ARM.Build.0 = Debug|iPhone
		{EB75CE71-9C36-4E49-BED7-FD2216369B51}.Debug|ARM.Deploy.0 = Debug|iPhone
		{EB75CE71-9C36-4E49-BED7-FD2216369B51}.Debug|iPhone.ActiveCfg = Debug|iPhone
		{EB75CE71-9C36-4E49-BED7-FD2216369B51}.Debug|iPhone.Build.0 = Debug|iPhone
		{EB75CE71-9C36-4E49-BED7-FD2216369B51}.Debug|iPhone.Deploy.0 = Debug|iPhone
		{EB75CE71-9C36-4E49-BED7-FD2216369B51}.Debug|iPhoneSimulator.ActiveCfg = Debug|iPhoneSimulator
		{EB75CE71-9C36-4E49-BED7-FD2216369B51}.Debug|iPhoneSimulator.Build.0 = Debug|iPhoneSimulator
		{EB75CE71-9C36-4E49-BED7-FD2216369B51}.Debug|iPhoneSimulator.Deploy.0 = Debug|iPhoneSimulator
		{EB75CE71-9C36-4E49-BED7-FD2216369B51}.Debug|x64.ActiveCfg = Debug|iPhone
		{EB75CE71-9C36-4E49-BED7-FD2216369B51}.Debug|x64.Build.0 = Debug|iPhone
		{EB75CE71-9C36-4E49-BED7-FD2216369B51}.Debug|x64.Deploy.0 = Debug|iPhone
		{EB75CE71-9C36-4E49-BED7-FD2216369B51}.Debug|x86.ActiveCfg = Debug|iPhone
		{EB75CE71-9C36-4E49-BED7-FD2216369B51}.Debug|x86.Build.0 = Debug|iPhone
		{EB75CE71-9C36-4E49-BED7-FD2216369B51}.Debug|x86.Deploy.0 = Debug|iPhone
		{EB75CE71-9C36-4E49-BED7-FD2216369B51}.Release|Any CPU.ActiveCfg = Release|iPhone
		{EB75CE71-9C36-4E49-BED7-FD2216369B51}.Release|Any CPU.Build.0 = Release|iPhone
		{EB75CE71-9C36-4E49-BED7-FD2216369B51}.Release|Any CPU.Deploy.0 = Release|iPhone
		{EB75CE71-9C36-4E49-BED7-FD2216369B51}.Release|ARM.ActiveCfg = Release|iPhone
		{EB75CE71-9C36-4E49-BED7-FD2216369B51}.Release|ARM.Build.0 = Release|iPhone
		{EB75CE71-9C36-4E49-BED7-FD2216369B51}.Release|ARM.Deploy.0 = Release|iPhone
		{EB75CE71-9C36-4E49-BED7-FD2216369B51}.Release|iPhone.ActiveCfg = Release|iPhone
		{EB75CE71-9C36-4E49-BED7-FD2216369B51}.Release|iPhone.Build.0 = Release|iPhone
		{EB75CE71-9C36-4E49-BED7-FD2216369B51}.Release|iPhone.Deploy.0 = Release|iPhone
		{EB75CE71-9C36-4E49-BED7-FD2216369B51}.Release|iPhoneSimulator.ActiveCfg = Release|iPhoneSimulator
		{EB75CE71-9C36-4E49-BED7-FD2216369B51}.Release|iPhoneSimulator.Build.0 = Release|iPhoneSimulator
		{EB75CE71-9C36-4E49-BED7-FD2216369B51}.Release|iPhoneSimulator.Deploy.0 = Release|iPhoneSimulator
		{EB75CE71-9C36-4E49-BED7-FD2216369B51}.Release|x64.ActiveCfg = Release|iPhone
		{EB75CE71-9C36-4E49-BED7-FD2216369B51}.Release|x64.Build.0 = Release|iPhone
		{EB75CE71-9C36-4E49-BED7-FD2216369B51}.Release|x64.Deploy.0 = Release|iPhone
		{EB75CE71-9C36-4E49-BED7-FD2216369B51}.Release|x86.ActiveCfg = Release|iPhone
		{EB75CE71-9C36-4E49-BED7-FD2216369B51}.Release|x86.Build.0 = Release|iPhone
		{EB75CE71-9C36-4E49-BED7-FD2216369B51}.Release|x86.Deploy.0 = Release|iPhone
		{47781820-F76D-4D63-92B6-5A27EBC6EABF}.Ad-Hoc|Any CPU.ActiveCfg = Release|x86
		{47781820-F76D-4D63-92B6-5A27EBC6EABF}.Ad-Hoc|Any CPU.Build.0 = Release|x86
		{47781820-F76D-4D63-92B6-5A27EBC6EABF}.Ad-Hoc|Any CPU.Deploy.0 = Release|x86
		{47781820-F76D-4D63-92B6-5A27EBC6EABF}.Ad-Hoc|ARM.ActiveCfg = Release|ARM
		{47781820-F76D-4D63-92B6-5A27EBC6EABF}.Ad-Hoc|ARM.Build.0 = Release|ARM
		{47781820-F76D-4D63-92B6-5A27EBC6EABF}.Ad-Hoc|ARM.Deploy.0 = Release|ARM
		{47781820-F76D-4D63-92B6-5A27EBC6EABF}.Ad-Hoc|iPhone.ActiveCfg = Release|x86
		{47781820-F76D-4D63-92B6-5A27EBC6EABF}.Ad-Hoc|iPhone.Build.0 = Release|x86
		{47781820-F76D-4D63-92B6-5A27EBC6EABF}.Ad-Hoc|iPhone.Deploy.0 = Release|x86
		{47781820-F76D-4D63-92B6-5A27EBC6EABF}.Ad-Hoc|iPhoneSimulator.ActiveCfg = Release|x86
		{47781820-F76D-4D63-92B6-5A27EBC6EABF}.Ad-Hoc|iPhoneSimulator.Build.0 = Release|x86
		{47781820-F76D-4D63-92B6-5A27EBC6EABF}.Ad-Hoc|iPhoneSimulator.Deploy.0 = Release|x86
		{47781820-F76D-4D63-92B6-5A27EBC6EABF}.Ad-Hoc|x64.ActiveCfg = Release|x64
		{47781820-F76D-4D63-92B6-5A27EBC6EABF}.Ad-Hoc|x64.Build.0 = Release|x64
		{47781820-F76D-4D63-92B6-5A27EBC6EABF}.Ad-Hoc|x64.Deploy.0 = Release|x64
		{47781820-F76D-4D63-92B6-5A27EBC6EABF}.Ad-Hoc|x86.ActiveCfg = Release|x86
		{47781820-F76D-4D63-92B6-5A27EBC6EABF}.Ad-Hoc|x86.Build.0 = Release|x86
		{47781820-F76D-4D63-92B6-5A27EBC6EABF}.Ad-Hoc|x86.Deploy.0 = Release|x86
		{47781820-F76D-4D63-92B6-5A27EBC6EABF}.AppStore|Any CPU.ActiveCfg = Release|x86
		{47781820-F76D-4D63-92B6-5A27EBC6EABF}.AppStore|Any CPU.Build.0 = Release|x86
		{47781820-F76D-4D63-92B6-5A27EBC6EABF}.AppStore|Any CPU.Deploy.0 = Release|x86
		{47781820-F76D-4D63-92B6-5A27EBC6EABF}.AppStore|ARM.ActiveCfg = Release|ARM
		{47781820-F76D-4D63-92B6-5A27EBC6EABF}.AppStore|ARM.Build.0 = Release|ARM
		{47781820-F76D-4D63-92B6-5A27EBC6EABF}.AppStore|ARM.Deploy.0 = Release|ARM
		{47781820-F76D-4D63-92B6-5A27EBC6EABF}.AppStore|iPhone.ActiveCfg = Release|x86
		{47781820-F76D-4D63-92B6-5A27EBC6EABF}.AppStore|iPhone.Build.0 = Release|x86
		{47781820-F76D-4D63-92B6-5A27EBC6EABF}.AppStore|iPhone.Deploy.0 = Release|x86
		{47781820-F76D-4D63-92B6-5A27EBC6EABF}.AppStore|iPhoneSimulator.ActiveCfg = Release|x86
		{47781820-F76D-4D63-92B6-5A27EBC6EABF}.AppStore|iPhoneSimulator.Build.0 = Release|x86
		{47781820-F76D-4D63-92B6-5A27EBC6EABF}.AppStore|iPhoneSimulator.Deploy.0 = Release|x86
		{47781820-F76D-4D63-92B6-5A27EBC6EABF}.AppStore|x64.ActiveCfg = Release|x64
		{47781820-F76D-4D63-92B6-5A27EBC6EABF}.AppStore|x64.Build.0 = Release|x64
		{47781820-F76D-4D63-92B6-5A27EBC6EABF}.AppStore|x64.Deploy.0 = Release|x64
		{47781820-F76D-4D63-92B6-5A27EBC6EABF}.AppStore|x86.ActiveCfg = Release|x86
		{47781820-F76D-4D63-92B6-5A27EBC6EABF}.AppStore|x86.Build.0 = Release|x86
		{47781820-F76D-4D63-92B6-5A27EBC6EABF}.AppStore|x86.Deploy.0 = Release|x86
		{47781820-F76D-4D63-92B6-5A27EBC6EABF}.Debug|Any CPU.ActiveCfg = Debug|x86
		{47781820-F76D-4D63-92B6-5A27EBC6EABF}.Debug|Any CPU.Build.0 = Debug|x86
		{47781820-F76D-4D63-92B6-5A27EBC6EABF}.Debug|Any CPU.Deploy.0 = Debug|x86
		{47781820-F76D-4D63-92B6-5A27EBC6EABF}.Debug|ARM.ActiveCfg = Debug|ARM
		{47781820-F76D-4D63-92B6-5A27EBC6EABF}.Debug|ARM.Build.0 = Debug|ARM
		{47781820-F76D-4D63-92B6-5A27EBC6EABF}.Debug|ARM.Deploy.0 = Debug|ARM
		{47781820-F76D-4D63-92B6-5A27EBC6EABF}.Debug|iPhone.ActiveCfg = Debug|x86
		{47781820-F76D-4D63-92B6-5A27EBC6EABF}.Debug|iPhone.Build.0 = Debug|x86
		{47781820-F76D-4D63-92B6-5A27EBC6EABF}.Debug|iPhone.Deploy.0 = Debug|x86
		{47781820-F76D-4D63-92B6-5A27EBC6EABF}.Debug|iPhoneSimulator.ActiveCfg = Debug|x86
		{47781820-F76D-4D63-92B6-5A27EBC6EABF}.Debug|iPhoneSimulator.Build.0 = Debug|x86
		{47781820-F76D-4D63-92B6-5A27EBC6EABF}.Debug|iPhoneSimulator.Deploy.0 = Debug|x86
		{47781820-F76D-4D63-92B6-5A27EBC6EABF}.Debug|x64.ActiveCfg = Debug|x64
		{47781820-F76D-4D63-92B6-5A27EBC6EABF}.Debug|x64.Build.0 = Debug|x64
		{47781820-F76D-4D63-92B6-5A27EBC6EABF}.Debug|x64.Deploy.0 = Debug|x64
		{47781820-F76D-4D63-92B6-5A27EBC6EABF}.Debug|x86.ActiveCfg = Debug|x86
		{47781820-F76D-4D63-92B6-5A27EBC6EABF}.Debug|x86.Build.0 = Debug|x86
		{47781820-F76D-4D63-92B6-5A27EBC6EABF}.Debug|x86.Deploy.0 = Debug|x86
		{47781820-F76D-4D63-92B6-5A27EBC6EABF}.Release|Any CPU.ActiveCfg = Release|x86
		{47781820-F76D-4D63-92B6-5A27EBC6EABF}.Release|Any CPU.Build.0 = Release|x86
		{47781820-F76D-4D63-92B6-5A27EBC6EABF}.Release|Any CPU.Deploy.0 = Release|x86
		{47781820-F76D-4D63-92B6-5A27EBC6EABF}.Release|ARM.ActiveCfg = Release|ARM
		{47781820-F76D-4D63-92B6-5A27EBC6EABF}.Release|ARM.Build.0 = Release|ARM
		{47781820-F76D-4D63-92B6-5A27EBC6EABF}.Release|ARM.Deploy.0 = Release|ARM
		{47781820-F76D-4D63-92B6-5A27EBC6EABF}.Release|iPhone.ActiveCfg = Release|x86
		{47781820-F76D-4D63-92B6-5A27EBC6EABF}.Release|iPhone.Build.0 = Release|x86
		{47781820-F76D-4D63-92B6-5A27EBC6EABF}.Release|iPhone.Deploy.0 = Release|x86
		{47781820-F76D-4D63-92B6-5A27EBC6EABF}.Release|iPhoneSimulator.ActiveCfg = Release|x86
		{47781820-F76D-4D63-92B6-5A27EBC6EABF}.Release|iPhoneSimulator.Build.0 = Release|x86
		{47781820-F76D-4D63-92B6-5A27EBC6EABF}.Release|iPhoneSimulator.Deploy.0 = Release|x86
		{47781820-F76D-4D63-92B6-5A27EBC6EABF}.Release|x64.ActiveCfg = Release|x64
		{47781820-F76D-4D63-92B6-5A27EBC6EABF}.Release|x64.Build.0 = Release|x64
		{47781820-F76D-4D63-92B6-5A27EBC6EABF}.Release|x64.Deploy.0 = Release|x64
		{47781820-F76D-4D63-92B6-5A27EBC6EABF}.Release|x86.ActiveCfg = Release|x86
		{47781820-F76D-4D63-92B6-5A27EBC6EABF}.Release|x86.Build.0 = Release|x86
		{47781820-F76D-4D63-92B6-5A27EBC6EABF}.Release|x86.Deploy.0 = Release|x86
		{1ACC1991-FC99-43C9-87AD-61AECDE0F741}.Ad-Hoc|Any CPU.ActiveCfg = Debug|Any CPU
		{1ACC1991-FC99-43C9-87AD-61AECDE0F741}.Ad-Hoc|Any CPU.Build.0 = Debug|Any CPU
		{1ACC1991-FC99-43C9-87AD-61AECDE0F741}.Ad-Hoc|Any CPU.Deploy.0 = Debug|Any CPU
		{1ACC1991-FC99-43C9-87AD-61AECDE0F741}.Ad-Hoc|ARM.ActiveCfg = Debug|Any CPU
		{1ACC1991-FC99-43C9-87AD-61AECDE0F741}.Ad-Hoc|ARM.Build.0 = Debug|Any CPU
		{1ACC1991-FC99-43C9-87AD-61AECDE0F741}.Ad-Hoc|ARM.Deploy.0 = Debug|Any CPU
		{1ACC1991-FC99-43C9-87AD-61AECDE0F741}.Ad-Hoc|iPhone.ActiveCfg = Debug|Any CPU
		{1ACC1991-FC99-43C9-87AD-61AECDE0F741}.Ad-Hoc|iPhone.Build.0 = Debug|Any CPU
		{1ACC1991-FC99-43C9-87AD-61AECDE0F741}.Ad-Hoc|iPhone.Deploy.0 = Debug|Any CPU
		{1ACC1991-FC99-43C9-87AD-61AECDE0F741}.Ad-Hoc|iPhoneSimulator.ActiveCfg = Debug|Any CPU
		{1ACC1991-FC99-43C9-87AD-61AECDE0F741}.Ad-Hoc|iPhoneSimulator.Build.0 = Debug|Any CPU
		{1ACC1991-FC99-43C9-87AD-61AECDE0F741}.Ad-Hoc|iPhoneSimulator.Deploy.0 = Debug|Any CPU
		{1ACC1991-FC99-43C9-87AD-61AECDE0F741}.Ad-Hoc|x64.ActiveCfg = Debug|Any CPU
		{1ACC1991-FC99-43C9-87AD-61AECDE0F741}.Ad-Hoc|x64.Build.0 = Debug|Any CPU
		{1ACC1991-FC99-43C9-87AD-61AECDE0F741}.Ad-Hoc|x64.Deploy.0 = Debug|Any CPU
		{1ACC1991-FC99-43C9-87AD-61AECDE0F741}.Ad-Hoc|x86.ActiveCfg = Debug|Any CPU
		{1ACC1991-FC99-43C9-87AD-61AECDE0F741}.Ad-Hoc|x86.Build.0 = Debug|Any CPU
		{1ACC1991-FC99-43C9-87AD-61AECDE0F741}.Ad-Hoc|x86.Deploy.0 = Debug|Any CPU
		{1ACC1991-FC99-43C9-87AD-61AECDE0F741}.AppStore|Any CPU.ActiveCfg = Debug|Any CPU
		{1ACC1991-FC99-43C9-87AD-61AECDE0F741}.AppStore|Any CPU.Build.0 = Debug|Any CPU
		{1ACC1991-FC99-43C9-87AD-61AECDE0F741}.AppStore|Any CPU.Deploy.0 = Debug|Any CPU
		{1ACC1991-FC99-43C9-87AD-61AECDE0F741}.AppStore|ARM.ActiveCfg = Debug|Any CPU
		{1ACC1991-FC99-43C9-87AD-61AECDE0F741}.AppStore|ARM.Build.0 = Debug|Any CPU
		{1ACC1991-FC99-43C9-87AD-61AECDE0F741}.AppStore|ARM.Deploy.0 = Debug|Any CPU
		{1ACC1991-FC99-43C9-87AD-61AECDE0F741}.AppStore|iPhone.ActiveCfg = Debug|Any CPU
		{1ACC1991-FC99-43C9-87AD-61AECDE0F741}.AppStore|iPhone.Build.0 = Debug|Any CPU
		{1ACC1991-FC99-43C9-87AD-61AECDE0F741}.AppStore|iPhone.Deploy.0 = Debug|Any CPU
		{1ACC1991-FC99-43C9-87AD-61AECDE0F741}.AppStore|iPhoneSimulator.ActiveCfg = Debug|Any CPU
		{1ACC1991-FC99-43C9-87AD-61AECDE0F741}.AppStore|iPhoneSimulator.Build.0 = Debug|Any CPU
		{1ACC1991-FC99-43C9-87AD-61AECDE0F741}.AppStore|iPhoneSimulator.Deploy.0 = Debug|Any CPU
		{1ACC1991-FC99-43C9-87AD-61AECDE0F741}.AppStore|x64.ActiveCfg = Debug|Any CPU
		{1ACC1991-FC99-43C9-87AD-61AECDE0F741}.AppStore|x64.Build.0 = Debug|Any CPU
		{1ACC1991-FC99-43C9-87AD-61AECDE0F741}.AppStore|x64.Deploy.0 = Debug|Any CPU
		{1ACC1991-FC99-43C9-87AD-61AECDE0F741}.AppStore|x86.ActiveCfg = Debug|Any CPU
		{1ACC1991-FC99-43C9-87AD-61AECDE0F741}.AppStore|x86.Build.0 = Debug|Any CPU
		{1ACC1991-FC99-43C9-87AD-61AECDE0F741}.AppStore|x86.Deploy.0 = Debug|Any CPU
		{1ACC1991-FC99-43C9-87AD-61AECDE0F741}.Debug|Any CPU.ActiveCfg = Debug|Any CPU
		{1ACC1991-FC99-43C9-87AD-61AECDE0F741}.Debug|Any CPU.Build.0 = Debug|Any CPU
		{1ACC1991-FC99-43C9-87AD-61AECDE0F741}.Debug|Any CPU.Deploy.0 = Debug|Any CPU
		{1ACC1991-FC99-43C9-87AD-61AECDE0F741}.Debug|ARM.ActiveCfg = Debug|Any CPU
		{1ACC1991-FC99-43C9-87AD-61AECDE0F741}.Debug|ARM.Build.0 = Debug|Any CPU
		{1ACC1991-FC99-43C9-87AD-61AECDE0F741}.Debug|ARM.Deploy.0 = Debug|Any CPU
		{1ACC1991-FC99-43C9-87AD-61AECDE0F741}.Debug|iPhone.ActiveCfg = Debug|Any CPU
		{1ACC1991-FC99-43C9-87AD-61AECDE0F741}.Debug|iPhone.Build.0 = Debug|Any CPU
		{1ACC1991-FC99-43C9-87AD-61AECDE0F741}.Debug|iPhone.Deploy.0 = Debug|Any CPU
		{1ACC1991-FC99-43C9-87AD-61AECDE0F741}.Debug|iPhoneSimulator.ActiveCfg = Debug|Any CPU
		{1ACC1991-FC99-43C9-87AD-61AECDE0F741}.Debug|iPhoneSimulator.Build.0 = Debug|Any CPU
		{1ACC1991-FC99-43C9-87AD-61AECDE0F741}.Debug|iPhoneSimulator.Deploy.0 = Debug|Any CPU
		{1ACC1991-FC99-43C9-87AD-61AECDE0F741}.Debug|x64.ActiveCfg = Debug|Any CPU
		{1ACC1991-FC99-43C9-87AD-61AECDE0F741}.Debug|x64.Build.0 = Debug|Any CPU
		{1ACC1991-FC99-43C9-87AD-61AECDE0F741}.Debug|x64.Deploy.0 = Debug|Any CPU
		{1ACC1991-FC99-43C9-87AD-61AECDE0F741}.Debug|x86.ActiveCfg = Debug|Any CPU
		{1ACC1991-FC99-43C9-87AD-61AECDE0F741}.Debug|x86.Build.0 = Debug|Any CPU
		{1ACC1991-FC99-43C9-87AD-61AECDE0F741}.Debug|x86.Deploy.0 = Debug|Any CPU
		{1ACC1991-FC99-43C9-87AD-61AECDE0F741}.Release|Any CPU.ActiveCfg = Release|Any CPU
		{1ACC1991-FC99-43C9-87AD-61AECDE0F741}.Release|Any CPU.Build.0 = Release|Any CPU
		{1ACC1991-FC99-43C9-87AD-61AECDE0F741}.Release|Any CPU.Deploy.0 = Release|Any CPU
		{1ACC1991-FC99-43C9-87AD-61AECDE0F741}.Release|ARM.ActiveCfg = Release|Any CPU
		{1ACC1991-FC99-43C9-87AD-61AECDE0F741}.Release|ARM.Build.0 = Release|Any CPU
		{1ACC1991-FC99-43C9-87AD-61AECDE0F741}.Release|ARM.Deploy.0 = Release|Any CPU
		{1ACC1991-FC99-43C9-87AD-61AECDE0F741}.Release|iPhone.ActiveCfg = Release|Any CPU
		{1ACC1991-FC99-43C9-87AD-61AECDE0F741}.Release|iPhone.Build.0 = Release|Any CPU
		{1ACC1991-FC99-43C9-87AD-61AECDE0F741}.Release|iPhone.Deploy.0 = Release|Any CPU
		{1ACC1991-FC99-43C9-87AD-61AECDE0F741}.Release|iPhoneSimulator.ActiveCfg = Release|Any CPU
		{1ACC1991-FC99-43C9-87AD-61AECDE0F741}.Release|iPhoneSimulator.Build.0 = Release|Any CPU
		{1ACC1991-FC99-43C9-87AD-61AECDE0F741}.Release|iPhoneSimulator.Deploy.0 = Release|Any CPU
		{1ACC1991-FC99-43C9-87AD-61AECDE0F741}.Release|x64.ActiveCfg = Release|Any CPU
		{1ACC1991-FC99-43C9-87AD-61AECDE0F741}.Release|x64.Build.0 = Release|Any CPU
		{1ACC1991-FC99-43C9-87AD-61AECDE0F741}.Release|x64.Deploy.0 = Release|Any CPU
		{1ACC1991-FC99-43C9-87AD-61AECDE0F741}.Release|x86.ActiveCfg = Release|Any CPU
		{1ACC1991-FC99-43C9-87AD-61AECDE0F741}.Release|x86.Build.0 = Release|Any CPU
		{1ACC1991-FC99-43C9-87AD-61AECDE0F741}.Release|x86.Deploy.0 = Release|Any CPU
	EndGlobalSection
	GlobalSection(SolutionProperties) = preSolution
		HideSolutionNode = FALSE
	EndGlobalSection
	GlobalSection(ExtensibilityGlobals) = postSolution
		SolutionGuid = {D4F87943-D913-4BF3-A5ED-2902044D790C}
	EndGlobalSection
EndGlobal
